title: 'Block - All Team Block'
fields:
  -
    handle: heading
    field:
      input_type: text
      antlers: false
      type: text
      display: Heading
      icon: text
      listable: hidden
      instructions_position: above
      visibility: visible
      replicator_preview: true
      hide_display: false
